
Microsoft Visual Studio Solution File, Format Version 12.00
# Visual Studio Version 16
VisualStudioVersion = 16.0.31112.23
MinimumVisualStudioVersion = 10.0.40219.1
Project("{9A19103F-16F7-4668-BE54-9A1E7A4F7556}") = "Day5", "Day5.csproj", "{A9184BC7-6AD9-4EC6-BBFC-828511E7DC97}"
EndProject
Global
	GlobalSection(SolutionConfigurationPlatforms) = preSolution
		Debug|Any CPU = Debug|Any CPU
		Release|Any CPU = Release|Any CPU
	EndGlobalSection
	GlobalSection(ProjectConfigurationPlatforms) = postSolution
		{A9184BC7-6AD9-4EC6-BBFC-828511E7DC97}.Debug|Any CPU.ActiveCfg = Debug|Any CPU
		{A9184BC7-6AD9-4EC6-BBFC-828511E7DC97}.Debug|Any CPU.Build.0 = Debug|Any CPU
		{A9184BC7-6AD9-4EC6-BBFC-828511E7DC97}.Release|Any CPU.ActiveCfg = Release|Any CPU
		{A9184BC7-6AD9-4EC6-BBFC-828511E7DC97}.Release|Any CPU.Build.0 = Release|Any CPU
	EndGlobalSection
	GlobalSection(SolutionProperties) = preSolution
		HideSolutionNode = FALSE
	EndGlobalSection
	GlobalSection(ExtensibilityGlobals) = postSolution
		SolutionGuid = {6B8535E9-A204-4061-A285-401D5D9D4F88}
	EndGlobalSection
EndGlobal
