
Microsoft Visual Studio Solution File, Format Version 12.00
# Visual Studio Version 16
VisualStudioVersion = 16.0.31112.23
MinimumVisualStudioVersion = 10.0.40219.1
Project("{9A19103F-16F7-4668-BE54-9A1E7A4F7556}") = "Day2", "Day2.csproj", "{FF45CE6C-3775-4C30-A74A-AC4D2A7FC2B0}"
EndProject
Global
	GlobalSection(SolutionConfigurationPlatforms) = preSolution
		Debug|Any CPU = Debug|Any CPU
		Release|Any CPU = Release|Any CPU
	EndGlobalSection
	GlobalSection(ProjectConfigurationPlatforms) = postSolution
		{FF45CE6C-3775-4C30-A74A-AC4D2A7FC2B0}.Debug|Any CPU.ActiveCfg = Debug|Any CPU
		{FF45CE6C-3775-4C30-A74A-AC4D2A7FC2B0}.Debug|Any CPU.Build.0 = Debug|Any CPU
		{FF45CE6C-3775-4C30-A74A-AC4D2A7FC2B0}.Release|Any CPU.ActiveCfg = Release|Any CPU
		{FF45CE6C-3775-4C30-A74A-AC4D2A7FC2B0}.Release|Any CPU.Build.0 = Release|Any CPU
	EndGlobalSection
	GlobalSection(SolutionProperties) = preSolution
		HideSolutionNode = FALSE
	EndGlobalSection
	GlobalSection(ExtensibilityGlobals) = postSolution
		SolutionGuid = {E94C8FF4-B232-408A-9B83-C903D5471BF8}
	EndGlobalSection
EndGlobal
